
Microsoft Visual Studio Solution File, Format Version 12.00
# Visual Studio 2013
VisualStudioVersion = 12.0.21005.1
MinimumVisualStudioVersion = 10.0.40219.1
Project("{FAE04EC0-301F-11D3-BF4B-00C04F79EFBC}") = "ReglasDeNegocio", "ReglasDeNegocio\ReglasDeNegocio.csproj", "{1165808B-2F74-4E21-B8AB-103F2A875325}"
EndProject
Project("{FAE04EC0-301F-11D3-BF4B-00C04F79EFBC}") = "Presentacion", "Presentacion\Presentacion.csproj", "{34DB8519-2A33-4A43-B54C-C2EF243EF97F}"
EndProject
Global
	GlobalSection(SolutionConfigurationPlatforms) = preSolution
		Debug|Any CPU = Debug|Any CPU
		Release|Any CPU = Release|Any CPU
	EndGlobalSection
	GlobalSection(ProjectConfigurationPlatforms) = postSolution
		{1165808B-2F74-4E21-B8AB-103F2A875325}.Debug|Any CPU.ActiveCfg = Debug|Any CPU
		{1165808B-2F74-4E21-B8AB-103F2A875325}.Debug|Any CPU.Build.0 = Debug|Any CPU
		{1165808B-2F74-4E21-B8AB-103F2A875325}.Release|Any CPU.ActiveCfg = Release|Any CPU
		{1165808B-2F74-4E21-B8AB-103F2A875325}.Release|Any CPU.Build.0 = Release|Any CPU
		{34DB8519-2A33-4A43-B54C-C2EF243EF97F}.Debug|Any CPU.ActiveCfg = Debug|Any CPU
		{34DB8519-2A33-4A43-B54C-C2EF243EF97F}.Debug|Any CPU.Build.0 = Debug|Any CPU
		{34DB8519-2A33-4A43-B54C-C2EF243EF97F}.Release|Any CPU.ActiveCfg = Release|Any CPU
		{34DB8519-2A33-4A43-B54C-C2EF243EF97F}.Release|Any CPU.Build.0 = Release|Any CPU
	EndGlobalSection
	GlobalSection(SolutionProperties) = preSolution
		HideSolutionNode = FALSE
	EndGlobalSection
EndGlobal
